{
  "markbot": "9fa8b0e40030378d611cf66d4ce23c0c0d9548654f37dbe911d5e5f9e6520de1",
  "index-320.png": "8b216e1d046244e71e00e833c1d43001371cd10c7078c14377a04341a0430fdf",
  "index-400.png": "b4fb91a584b7e9bb22eefefac372f9ce5559f1d16ec7a23f4c5868964abea3c9",
  "index-608.png": "2da2a7795fc39b8ac632605374c2374f530609abd34664ac3dbec568d68cd5f3",
  "index-960.png": "b3f81e2ef747189ec90688b00a60f59cfb23d41aae0b6af1a9f01561cbe7a609",
  "index-1440.png": "4a2d9959c68c0ea6f4b13c804fcf25f13a4e7146ed825c830f03dd2c25e328ee"
}